// !$*UTF8*$!
{
	archiveVersion = 1;
	classes = {
	};
	objectVersion = 46;
	objects = {

/* Begin PBXBuildFile section */
		EB7125ED1AC34809002F3AFE /* main.m in Sources */ = {isa = PBXBuildFile; fileRef = EB7125EC1AC34809002F3AFE /* main.m */; };
		EB7125F01AC34809002F3AFE /* AppDelegate.m in Sources */ = {isa = PBXBuildFile; fileRef = EB7125EF1AC34809002F3AFE /* AppDelegate.m */; };
		EB7125F31AC34809002F3AFE /* MasterViewController.m in Sources */ = {isa = PBXBuildFile; fileRef = EB7125F21AC34809002F3AFE /* MasterViewController.m */; };
		EB7125F61AC34809002F3AFE /* DetailViewController.m in Sources */ = {isa = PBXBuildFile; fileRef = EB7125F51AC34809002F3AFE /* DetailViewController.m */; };
		EB7125F91AC34809002F3AFE /* Main.storyboard in Resources */ = {isa = PBXBuildFile; fileRef = EB7125F71AC34809002F3AFE /* Main.storyboard */; };
		EB7125FB1AC34809002F3AFE /* Images.xcassets in Resources */ = {isa = PBXBuildFile; fileRef = EB7125FA1AC34809002F3AFE /* Images.xcassets */; };
		EB7125FE1AC34809002F3AFE /* LaunchScreen.xib in Resources */ = {isa = PBXBuildFile; fileRef = EB7125FC1AC34809002F3AFE /* LaunchScreen.xib */; };
		EB71260A1AC34809002F3AFE /* Every_DoTests.m in Sources */ = {isa = PBXBuildFile; fileRef = EB7126091AC34809002F3AFE /* Every_DoTests.m */; };
		EB7126181AC355FF002F3AFE /* ToDo.m in Sources */ = {isa = PBXBuildFile; fileRef = EB7126171AC355FF002F3AFE /* ToDo.m */; };
		EB7126231AC367F4002F3AFE /* CustomTableViewCell.m in Sources */ = {isa = PBXBuildFile; fileRef = EB7126221AC367F4002F3AFE /* CustomTableViewCell.m */; };
		EB7126261AC3DB5E002F3AFE /* NewItemViewController.m in Sources */ = {isa = PBXBuildFile; fileRef = EB7126251AC3DB5E002F3AFE /* NewItemViewController.m */; };
/* End PBXBuildFile section */

/* Begin PBXContainerItemProxy section */
		EB7126041AC34809002F3AFE /* PBXContainerItemProxy */ = {
			isa = PBXContainerItemProxy;
			containerPortal = EB7125DF1AC34809002F3AFE /* Project object */;
			proxyType = 1;
			remoteGlobalIDString = EB7125E61AC34809002F3AFE;
			remoteInfo = Every.Do;
		};
/* End PBXContainerItemProxy section */

/* Begin PBXFileReference section */
		EB7125E71AC34809002F3AFE /* Every.Do.app */ = {isa = PBXFileReference; explicitFileType = wrapper.application; includeInIndex = 0; path = Every.Do.app; sourceTree = BUILT_PRODUCTS_DIR; };
		EB7125EB1AC34809002F3AFE /* Info.plist */ = {isa = PBXFileReference; lastKnownFileType = text.plist.xml; path = Info.plist; sourceTree = "<group>"; };
		EB7125EC1AC34809002F3AFE /* main.m */ = {isa = PBXFileReference; lastKnownFileType = sourcecode.c.objc; path = main.m; sourceTree = "<group>"; };
		EB7125EE1AC34809002F3AFE /* AppDelegate.h */ = {isa = PBXFileReference; lastKnownFileType = sourcecode.c.h; path = AppDelegate.h; sourceTree = "<group>"; };
		EB7125EF1AC34809002F3AFE /* AppDelegate.m */ = {isa = PBXFileReference; lastKnownFileType = sourcecode.c.objc; path = AppDelegate.m; sourceTree = "<group>"; };
		EB7125F11AC34809002F3AFE /* MasterViewController.h */ = {isa = PBXFileReference; lastKnownFileType = sourcecode.c.h; path = MasterViewController.h; sourceTree = "<group>"; };
		EB7125F21AC34809002F3AFE /* MasterViewController.m */ = {isa = PBXFileReference; lastKnownFileType = sourcecode.c.objc; path = MasterViewController.m; sourceTree = "<group>"; };
		EB7125F41AC34809002F3AFE /* DetailViewController.h */ = {isa = PBXFileReference; lastKnownFileType = sourcecode.c.h; path = DetailViewController.h; sourceTree = "<group>"; };
		EB7125F51AC34809002F3AFE /* DetailViewController.m */ = {isa = PBXFileReference; lastKnownFileType = sourcecode.c.objc; path = DetailViewController.m; sourceTree = "<group>"; };
		EB7125F81AC34809002F3AFE /* Base */ = {isa = PBXFileReference; lastKnownFileType = file.storyboard; name = Base; path = Base.lproj/Main.storyboard; sourceTree = "<group>"; };
		EB7125FA1AC34809002F3AFE /* Images.xcassets */ = {isa = PBXFileReference; lastKnownFileType = folder.assetcatalog; path = Images.xcassets; sourceTree = "<group>"; };
		EB7125FD1AC34809002F3AFE /* Base */ = {isa = PBXFileReference; lastKnownFileType = file.xib; name = Base; path = Base.lproj/LaunchScreen.xib; sourceTree = "<group>"; };
		EB7126031AC34809002F3AFE /* Every.DoTests.xctest */ = {isa = PBXFileReference; explicitFileType = wrapper.cfbundle; includeInIndex = 0; path = Every.DoTests.xctest; sourceTree = BUILT_PRODUCTS_DIR; };
		EB7126081AC34809002F3AFE /* Info.plist */ = {isa = PBXFileReference; lastKnownFileType = text.plist.xml; path = Info.plist; sourceTree = "<group>"; };
		EB7126091AC34809002F3AFE /* Every_DoTests.m */ = {isa = PBXFileReference; lastKnownFileType = sourcecode.c.objc; path = Every_DoTests.m; sourceTree = "<group>"; };
		EB7126161AC355FF002F3AFE /* ToDo.h */ = {isa = PBXFileReference; fileEncoding = 4; lastKnownFileType = sourcecode.c.h; path = ToDo.h; sourceTree = "<group>"; };
		EB7126171AC355FF002F3AFE /* ToDo.m */ = {isa = PBXFileReference; fileEncoding = 4; lastKnownFileType = sourcecode.c.objc; path = ToDo.m; sourceTree = "<group>"; };
		EB7126211AC367F4002F3AFE /* CustomTableViewCell.h */ = {isa = PBXFileReference; fileEncoding = 4; lastKnownFileType = sourcecode.c.h; path = CustomTableViewCell.h; sourceTree = "<group>"; };
		EB7126221AC367F4002F3AFE /* CustomTableViewCell.m */ = {isa = PBXFileReference; fileEncoding = 4; lastKnownFileType = sourcecode.c.objc; path = CustomTableViewCell.m; sourceTree = "<group>"; };
		EB7126241AC3DB5E002F3AFE /* NewItemViewController.h */ = {isa = PBXFileReference; fileEncoding = 4; lastKnownFileType = sourcecode.c.h; path = NewItemViewController.h; sourceTree = "<group>"; };
		EB7126251AC3DB5E002F3AFE /* NewItemViewController.m */ = {isa = PBXFileReference; fileEncoding = 4; lastKnownFileType = sourcecode.c.objc; path = NewItemViewController.m; sourceTree = "<group>"; };
/* End PBXFileReference section */

/* Begin PBXFrameworksBuildPhase section */
		EB7125E41AC34809002F3AFE /* Frameworks */ = {
			isa = PBXFrameworksBuildPhase;
			buildActionMask = 2147483647;
			files = (
			);
			runOnlyForDeploymentPostprocessing = 0;
		};
		EB7126001AC34809002F3AFE /* Frameworks */ = {
			isa = PBXFrameworksBuildPhase;
			buildActionMask = 2147483647;
			files = (
			);
			runOnlyForDeploymentPostprocessing = 0;
		};
/* End PBXFrameworksBuildPhase section */

/* Begin PBXGroup section */
		EB7125DE1AC34809002F3AFE = {
			isa = PBXGroup;
			children = (
				EB7125E91AC34809002F3AFE /* Every.Do */,
				EB7126061AC34809002F3AFE /* Every.DoTests */,
				EB7125E81AC34809002F3AFE /* Products */,
			);
			sourceTree = "<group>";
		};
		EB7125E81AC34809002F3AFE /* Products */ = {
			isa = PBXGroup;
			children = (
				EB7125E71AC34809002F3AFE /* Every.Do.app */,
				EB7126031AC34809002F3AFE /* Every.DoTests.xctest */,
			);
			name = Products;
			sourceTree = "<group>";
		};
		EB7125E91AC34809002F3AFE /* Every.Do */ = {
			isa = PBXGroup;
			children = (
				EB7125EE1AC34809002F3AFE /* AppDelegate.h */,
				EB7125EF1AC34809002F3AFE /* AppDelegate.m */,
				EB7126161AC355FF002F3AFE /* ToDo.h */,
				EB7126171AC355FF002F3AFE /* ToDo.m */,
				EB7125F11AC34809002F3AFE /* MasterViewController.h */,
				EB7125F21AC34809002F3AFE /* MasterViewController.m */,
				EB7125F41AC34809002F3AFE /* DetailViewController.h */,
				EB7125F51AC34809002F3AFE /* DetailViewController.m */,
				EB7126211AC367F4002F3AFE /* CustomTableViewCell.h */,
				EB7126221AC367F4002F3AFE /* CustomTableViewCell.m */,
				EB7126241AC3DB5E002F3AFE /* NewItemViewController.h */,
				EB7126251AC3DB5E002F3AFE /* NewItemViewController.m */,
				EB7125F71AC34809002F3AFE /* Main.storyboard */,
				EB7125FA1AC34809002F3AFE /* Images.xcassets */,
				EB7125FC1AC34809002F3AFE /* LaunchScreen.xib */,
				EB7125EA1AC34809002F3AFE /* Supporting Files */,
			);
			path = Every.Do;
			sourceTree = "<group>";
		};
		EB7125EA1AC34809002F3AFE /* Supporting Files */ = {
			isa = PBXGroup;
			children = (
				EB7125EB1AC34809002F3AFE /* Info.plist */,
				EB7125EC1AC34809002F3AFE /* main.m */,
			);
			name = "Supporting Files";
			sourceTree = "<group>";
		};
		EB7126061AC34809002F3AFE /* Every.DoTests */ = {
			isa = PBXGroup;
			children = (
				EB7126091AC34809002F3AFE /* Every_DoTests.m */,
				EB7126071AC34809002F3AFE /* Supporting Files */,
			);
			path = Every.DoTests;
			sourceTree = "<group>";
		};
		EB7126071AC34809002F3AFE /* Supporting Files */ = {
			isa = PBXGroup;
			children = (
				EB7126081AC34809002F3AFE /* Info.plist */,
			);
			name = "Supporting Files";
			sourceTree = "<group>";
		};
/* End PBXGroup section */

/* Begin PBXNativeTarget section */
		EB7125E61AC34809002F3AFE /* Every.Do */ = {
			isa = PBXNativeTarget;
			buildConfigurationList = EB71260D1AC34809002F3AFE /* Build configuration list for PBXNativeTarget "Every.Do" */;
			buildPhases = (
				EB7125E31AC34809002F3AFE /* Sources */,
				EB7125E41AC34809002F3AFE /* Frameworks */,
				EB7125E51AC34809002F3AFE /* Resources */,
			);
			buildRules = (
			);
			dependencies = (
			);
			name = Every.Do;
			productName = Every.Do;
			productReference = EB7125E71AC34809002F3AFE /* Every.Do.app */;
			productType = "com.apple.product-type.application";
		};
		EB7126021AC34809002F3AFE /* Every.DoTests */ = {
			isa = PBXNativeTarget;
			buildConfigurationList = EB7126101AC34809002F3AFE /* Build configuration list for PBXNativeTarget "Every.DoTests" */;
			buildPhases = (
				EB7125FF1AC34809002F3AFE /* Sources */,
				EB7126001AC34809002F3AFE /* Frameworks */,
				EB7126011AC34809002F3AFE /* Resources */,
			);
			buildRules = (
			);
			dependencies = (
				EB7126051AC34809002F3AFE /* PBXTargetDependency */,
			);
			name = Every.DoTests;
			productName = Every.DoTests;
			productReference = EB7126031AC34809002F3AFE /* Every.DoTests.xctest */;
			productType = "com.apple.product-type.bundle.unit-test";
		};
/* End PBXNativeTarget section */

/* Begin PBXProject section */
		EB7125DF1AC34809002F3AFE /* Project object */ = {
			isa = PBXProject;
			attributes = {
				LastUpgradeCheck = 0620;
				ORGANIZATIONNAME = "98% Chimp";
				TargetAttributes = {
					EB7125E61AC34809002F3AFE = {
						CreatedOnToolsVersion = 6.2;
					};
					EB7126021AC34809002F3AFE = {
						CreatedOnToolsVersion = 6.2;
						TestTargetID = EB7125E61AC34809002F3AFE;
					};
				};
			};
			buildConfigurationList = EB7125E21AC34809002F3AFE /* Build configuration list for PBXProject "Every.Do" */;
			compatibilityVersion = "Xcode 3.2";
			developmentRegion = English;
			hasScannedForEncodings = 0;
			knownRegions = (
				en,
				Base,
			);
			mainGroup = EB7125DE1AC34809002F3AFE;
			productRefGroup = EB7125E81AC34809002F3AFE /* Products */;
			projectDirPath = "";
			projectRoot = "";
			targets = (
				EB7125E61AC34809002F3AFE /* Every.Do */,
				EB7126021AC34809002F3AFE /* Every.DoTests */,
			);
		};
/* End PBXProject section */

/* Begin PBXResourcesBuildPhase section */
		EB7125E51AC34809002F3AFE /* Resources */ = {
			isa = PBXResourcesBuildPhase;
			buildActionMask = 2147483647;
			files = (
				EB7125F91AC34809002F3AFE /* Main.storyboard in Resources */,
				EB7125FE1AC34809002F3AFE /* LaunchScreen.xib in Resources */,
				EB7125FB1AC34809002F3AFE /* Images.xcassets in Resources */,
			);
			runOnlyForDeploymentPostprocessing = 0;
		};
		EB7126011AC34809002F3AFE /* Resources */ = {
			isa = PBXResourcesBuildPhase;
			buildActionMask = 2147483647;
			files = (
			);
			runOnlyForDeploymentPostprocessing = 0;
		};
/* End PBXResourcesBuildPhase section */

/* Begin PBXSourcesBuildPhase section */
		EB7125E31AC34809002F3AFE /* Sources */ = {
			isa = PBXSourcesBuildPhase;
			buildActionMask = 2147483647;
			files = (
				EB7125F01AC34809002F3AFE /* AppDelegate.m in Sources */,
				EB7125F31AC34809002F3AFE /* MasterViewController.m in Sources */,
				EB7126231AC367F4002F3AFE /* CustomTableViewCell.m in Sources */,
				EB7125ED1AC34809002F3AFE /* main.m in Sources */,
				EB7126261AC3DB5E002F3AFE /* NewItemViewController.m in Sources */,
				EB7125F61AC34809002F3AFE /* DetailViewController.m in Sources */,
				EB7126181AC355FF002F3AFE /* ToDo.m in Sources */,
			);
			runOnlyForDeploymentPostprocessing = 0;
		};
		EB7125FF1AC34809002F3AFE /* Sources */ = {
			isa = PBXSourcesBuildPhase;
			buildActionMask = 2147483647;
			files = (
				EB71260A1AC34809002F3AFE /* Every_DoTests.m in Sources */,
			);
			runOnlyForDeploymentPostprocessing = 0;
		};
/* End PBXSourcesBuildPhase section */

/* Begin PBXTargetDependency section */
		EB7126051AC34809002F3AFE /* PBXTargetDependency */ = {
			isa = PBXTargetDependency;
			target = EB7125E61AC34809002F3AFE /* Every.Do */;
			targetProxy = EB7126041AC34809002F3AFE /* PBXContainerItemProxy */;
		};
/* End PBXTargetDependency section */

/* Begin PBXVariantGroup section */
		EB7125F71AC34809002F3AFE /* Main.storyboard */ = {
			isa = PBXVariantGroup;
			children = (
				EB7125F81AC34809002F3AFE /* Base */,
			);
			name = Main.storyboard;
			sourceTree = "<group>";
		};
		EB7125FC1AC34809002F3AFE /* LaunchScreen.xib */ = {
			isa = PBXVariantGroup;
			children = (
				EB7125FD1AC34809002F3AFE /* Base */,
			);
			name = LaunchScreen.xib;
			sourceTree = "<group>";
		};
/* End PBXVariantGroup section */

/* Begin XCBuildConfiguration section */
		EB71260B1AC34809002F3AFE /* Debug */ = {
			isa = XCBuildConfiguration;
			buildSettings = {
				ALWAYS_SEARCH_USER_PATHS = NO;
				CLANG_CXX_LANGUAGE_STANDARD = "gnu++0x";
				CLANG_CXX_LIBRARY = "libc++";
				CLANG_ENABLE_MODULES = YES;
				CLANG_ENABLE_OBJC_ARC = YES;
				CLANG_WARN_BOOL_CONVERSION = YES;
				CLANG_WARN_CONSTANT_CONVERSION = YES;
				CLANG_WARN_DIRECT_OBJC_ISA_USAGE = YES_ERROR;
				CLANG_WARN_EMPTY_BODY = YES;
				CLANG_WARN_ENUM_CONVERSION = YES;
				CLANG_WARN_INT_CONVERSION = YES;
				CLANG_WARN_OBJC_ROOT_CLASS = YES_ERROR;
				CLANG_WARN_UNREACHABLE_CODE = YES;
				CLANG_WARN__DUPLICATE_METHOD_MATCH = YES;
				"CODE_SIGN_IDENTITY[sdk=iphoneos*]" = "iPhone Developer";
				COPY_PHASE_STRIP = NO;
				ENABLE_STRICT_OBJC_MSGSEND = YES;
				GCC_C_LANGUAGE_STANDARD = gnu99;
				GCC_DYNAMIC_NO_PIC = NO;
				GCC_OPTIMIZATION_LEVEL = 0;
				GCC_PREPROCESSOR_DEFINITIONS = (
					"DEBUG=1",
					"$(inherited)",
				);
				GCC_SYMBOLS_PRIVATE_EXTERN = NO;
				GCC_WARN_64_TO_32_BIT_CONVERSION = YES;
				GCC_WARN_ABOUT_RETURN_TYPE = YES_ERROR;
				GCC_WARN_UNDECLARED_SELECTOR = YES;
				GCC_WARN_UNINITIALIZED_AUTOS = YES_AGGRESSIVE;
				GCC_WARN_UNUSED_FUNCTION = YES;
				GCC_WARN_UNUSED_VARIABLE = YES;
				IPHONEOS_DEPLOYMENT_TARGET = 8.2;
				MTL_ENABLE_DEBUG_INFO = YES;
				ONLY_ACTIVE_ARCH = YES;
				SDKROOT = iphoneos;
				TARGETED_DEVICE_FAMILY = "1,2";
			};
			name = Debug;
		};
		EB71260C1AC34809002F3AFE /* Release */ = {
			isa = XCBuildConfiguration;
			buildSettings = {
				ALWAYS_SEARCH_USER_PATHS = NO;
				CLANG_CXX_LANGUAGE_STANDARD = "gnu++0x";
				CLANG_CXX_LIBRARY = "libc++";
				CLANG_ENABLE_MODULES = YES;
				CLANG_ENABLE_OBJC_ARC = YES;
				CLANG_WARN_BOOL_CONVERSION = YES;
				CLANG_WARN_CONSTANT_CONVERSION = YES;
				CLANG_WARN_DIRECT_OBJC_ISA_USAGE = YES_ERROR;
				CLANG_WARN_EMPTY_BODY = YES;
				CLANG_WARN_ENUM_CONVERSION = YES;
				CLANG_WARN_INT_CONVERSION = YES;
				CLANG_WARN_OBJC_ROOT_CLASS = YES_ERROR;
				CLANG_WARN_UNREACHABLE_CODE = YES;
				CLANG_WARN__DUPLICATE_METHOD_MATCH = YES;
				"CODE_SIGN_IDENTITY[sdk=iphoneos*]" = "iPhone Developer";
				COPY_PHASE_STRIP = NO;
				ENABLE_NS_ASSERTIONS = NO;
				ENABLE_STRICT_OBJC_MSGSEND = YES;
				GCC_C_LANGUAGE_STANDARD = gnu99;
				GCC_WARN_64_TO_32_BIT_CONVERSION = YES;
				GCC_WARN_ABOUT_RETURN_TYPE = YES_ERROR;
				GCC_WARN_UNDECLARED_SELECTOR = YES;
				GCC_WARN_UNINITIALIZED_AUTOS = YES_AGGRESSIVE;
				GCC_WARN_UNUSED_FUNCTION = YES;
				GCC_WARN_UNUSED_VARIABLE = YES;
				IPHONEOS_DEPLOYMENT_TARGET = 8.2;
				MTL_ENABLE_DEBUG_INFO = NO;
				SDKROOT = iphoneos;
				TARGETED_DEVICE_FAMILY = "1,2";
				VALIDATE_PRODUCT = YES;
			};
			name = Release;
		};
		EB71260E1AC34809002F3AFE /* Debug */ = {
			isa = XCBuildConfiguration;
			buildSettings = {
				ASSETCATALOG_COMPILER_APPICON_NAME = AppIcon;
				INFOPLIST_FILE = Every.Do/Info.plist;
				LD_RUNPATH_SEARCH_PATHS = "$(inherited) @executable_path/Frameworks";
				PRODUCT_NAME = "$(TARGET_NAME)";
			};
			name = Debug;
		};
		EB71260F1AC34809002F3AFE /* Release */ = {
			isa = XCBuildConfiguration;
			buildSettings = {
				ASSETCATALOG_COMPILER_APPICON_NAME = AppIcon;
				INFOPLIST_FILE = Every.Do/Info.plist;
				LD_RUNPATH_SEARCH_PATHS = "$(inherited) @executable_path/Frameworks";
				PRODUCT_NAME = "$(TARGET_NAME)";
			};
			name = Release;
		};
		EB7126111AC34809002F3AFE /* Debug */ = {
			isa = XCBuildConfiguration;
			buildSettings = {
				BUNDLE_LOADER = "$(TEST_HOST)";
				FRAMEWORK_SEARCH_PATHS = (
					"$(SDKROOT)/Developer/Library/Frameworks",
					"$(inherited)",
				);
				GCC_PREPROCESSOR_DEFINITIONS = (
					"DEBUG=1",
					"$(inherited)",
				);
				INFOPLIST_FILE = Every.DoTests/Info.plist;
				LD_RUNPATH_SEARCH_PATHS = "$(inherited) @executable_path/Frameworks @loader_path/Frameworks";
				PRODUCT_NAME = "$(TARGET_NAME)";
				TEST_HOST = "$(BUILT_PRODUCTS_DIR)/Every.Do.app/Every.Do";
			};
			name = Debug;
		};
		EB7126121AC34809002F3AFE /* Release */ = {
			isa = XCBuildConfiguration;
			buildSettings = {
				BUNDLE_LOADER = "$(TEST_HOST)";
				FRAMEWORK_SEARCH_PATHS = (
					"$(SDKROOT)/Developer/Library/Frameworks",
					"$(inherited)",
				);
				INFOPLIST_FILE = Every.DoTests/Info.plist;
				LD_RUNPATH_SEARCH_PATHS = "$(inherited) @executable_path/Frameworks @loader_path/Frameworks";
				PRODUCT_NAME = "$(TARGET_NAME)";
				TEST_HOST = "$(BUILT_PRODUCTS_DIR)/Every.Do.app/Every.Do";
			};
			name = Release;
		};
/* End XCBuildConfiguration section */

/* Begin XCConfigurationList section */
		EB7125E21AC34809002F3AFE /* Build configuration list for PBXProject "Every.Do" */ = {
			isa = XCConfigurationList;
			buildConfigurations = (
				EB71260B1AC34809002F3AFE /* Debug */,
				EB71260C1AC34809002F3AFE /* Release */,
			);
			defaultConfigurationIsVisible = 0;
			defaultConfigurationName = Release;
		};
		EB71260D1AC34809002F3AFE /* Build configuration list for PBXNativeTarget "Every.Do" */ = {
			isa = XCConfigurationList;
			buildConfigurations = (
				EB71260E1AC34809002F3AFE /* Debug */,
				EB71260F1AC34809002F3AFE /* Release */,
			);
			defaultConfigurationIsVisible = 0;
			defaultConfigurationName = Release;
		};
		EB7126101AC34809002F3AFE /* Build configuration list for PBXNativeTarget "Every.DoTests" */ = {
			isa = XCConfigurationList;
			buildConfigurations = (
				EB7126111AC34809002F3AFE /* Debug */,
				EB7126121AC34809002F3AFE /* Release */,
			);
			defaultConfigurationIsVisible = 0;
			defaultConfigurationName = Release;
		};
/* End XCConfigurationList section */
	};
	rootObject = EB7125DF1AC34809002F3AFE /* Project object */;
}
